
Microsoft Visual Studio Solution File, Format Version 12.00
# Visual Studio Version 17
VisualStudioVersion = 17.6.33815.320
MinimumVisualStudioVersion = 10.0.40219.1
Project("{FAE04EC0-301F-11D3-BF4B-00C04F79EFBC}") = "zero division exception", "zero division exception\zero division exception.csproj", "{1709B985-C2CA-4491-AFB8-5840A2AB5568}"
EndProject
Global
	GlobalSection(SolutionConfigurationPlatforms) = preSolution
		Debug|Any CPU = Debug|Any CPU
		Release|Any CPU = Release|Any CPU
	EndGlobalSection
	GlobalSection(ProjectConfigurationPlatforms) = postSolution
		{1709B985-C2CA-4491-AFB8-5840A2AB5568}.Debug|Any CPU.ActiveCfg = Debug|Any CPU
		{1709B985-C2CA-4491-AFB8-5840A2AB5568}.Debug|Any CPU.Build.0 = Debug|Any CPU
		{1709B985-C2CA-4491-AFB8-5840A2AB5568}.Release|Any CPU.ActiveCfg = Release|Any CPU
		{1709B985-C2CA-4491-AFB8-5840A2AB5568}.Release|Any CPU.Build.0 = Release|Any CPU
	EndGlobalSection
	GlobalSection(SolutionProperties) = preSolution
		HideSolutionNode = FALSE
	EndGlobalSection
	GlobalSection(ExtensibilityGlobals) = postSolution
		SolutionGuid = {E297A3DD-9726-4820-993F-7605B3B240C6}
	EndGlobalSection
EndGlobal
