
Microsoft Visual Studio Solution File, Format Version 12.00
# Visual Studio Version 17
VisualStudioVersion = 17.6.33815.320
MinimumVisualStudioVersion = 10.0.40219.1
Project("{FAE04EC0-301F-11D3-BF4B-00C04F79EFBC}") = "21010101152_215 ( Folio )", "21010101152_215 ( Folio )\21010101152_215 ( Folio ).csproj", "{A9C00D8B-1B5C-438A-B5A6-48FB748DAF15}"
EndProject
Global
	GlobalSection(SolutionConfigurationPlatforms) = preSolution
		Debug|Any CPU = Debug|Any CPU
		Release|Any CPU = Release|Any CPU
	EndGlobalSection
	GlobalSection(ProjectConfigurationPlatforms) = postSolution
		{A9C00D8B-1B5C-438A-B5A6-48FB748DAF15}.Debug|Any CPU.ActiveCfg = Debug|Any CPU
		{A9C00D8B-1B5C-438A-B5A6-48FB748DAF15}.Debug|Any CPU.Build.0 = Debug|Any CPU
		{A9C00D8B-1B5C-438A-B5A6-48FB748DAF15}.Release|Any CPU.ActiveCfg = Release|Any CPU
		{A9C00D8B-1B5C-438A-B5A6-48FB748DAF15}.Release|Any CPU.Build.0 = Release|Any CPU
	EndGlobalSection
	GlobalSection(SolutionProperties) = preSolution
		HideSolutionNode = FALSE
	EndGlobalSection
	GlobalSection(ExtensibilityGlobals) = postSolution
		SolutionGuid = {7912197B-2D2E-4736-81DF-19B7374B4952}
	EndGlobalSection
EndGlobal
